
Microsoft Visual Studio Solution File, Format Version 12.00
# Visual Studio 15
VisualStudioVersion = 15.0.26730.12
MinimumVisualStudioVersion = 10.0.40219.1
Project("{FAE04EC0-301F-11D3-BF4B-00C04F79EFBC}") = "01. Count Working Days", "01. Count Working Days\01. Count Working Days.csproj", "{068B0EDF-24B8-4C82-9F1F-339FB11B6ED1}"
EndProject
Project("{FAE04EC0-301F-11D3-BF4B-00C04F79EFBC}") = "07. Andrey and Billiard", "07. Andrey and Billiard\07. Andrey and Billiard.csproj", "{A511467F-B5D0-4D46-915F-F165DE5038B1}"
EndProject
Project("{FAE04EC0-301F-11D3-BF4B-00C04F79EFBC}") = "08. Mentor Group", "08. Mentor Group\08. Mentor Group.csproj", "{FED852BD-406E-42C4-9519-D247B8A7C5D5}"
EndProject
Project("{FAE04EC0-301F-11D3-BF4B-00C04F79EFBC}") = "09. Teamwork Projects", "09. Teamwork Projects\09. Teamwork Projects.csproj", "{D40DA3F3-9D5C-4FFF-A906-66ADA1DB8C48}"
EndProject
Project("{FAE04EC0-301F-11D3-BF4B-00C04F79EFBC}") = "10. Student Groups", "10. Student Groups\10. Student Groups.csproj", "{7492C18F-4850-41A4-B06B-1BB38C6E765B}"
EndProject
Global
	GlobalSection(SolutionConfigurationPlatforms) = preSolution
		Debug|Any CPU = Debug|Any CPU
		Release|Any CPU = Release|Any CPU
	EndGlobalSection
	GlobalSection(ProjectConfigurationPlatforms) = postSolution
		{068B0EDF-24B8-4C82-9F1F-339FB11B6ED1}.Debug|Any CPU.ActiveCfg = Debug|Any CPU
		{068B0EDF-24B8-4C82-9F1F-339FB11B6ED1}.Debug|Any CPU.Build.0 = Debug|Any CPU
		{068B0EDF-24B8-4C82-9F1F-339FB11B6ED1}.Release|Any CPU.ActiveCfg = Release|Any CPU
		{068B0EDF-24B8-4C82-9F1F-339FB11B6ED1}.Release|Any CPU.Build.0 = Release|Any CPU
		{A511467F-B5D0-4D46-915F-F165DE5038B1}.Debug|Any CPU.ActiveCfg = Debug|Any CPU
		{A511467F-B5D0-4D46-915F-F165DE5038B1}.Debug|Any CPU.Build.0 = Debug|Any CPU
		{A511467F-B5D0-4D46-915F-F165DE5038B1}.Release|Any CPU.ActiveCfg = Release|Any CPU
		{A511467F-B5D0-4D46-915F-F165DE5038B1}.Release|Any CPU.Build.0 = Release|Any CPU
		{FED852BD-406E-42C4-9519-D247B8A7C5D5}.Debug|Any CPU.ActiveCfg = Debug|Any CPU
		{FED852BD-406E-42C4-9519-D247B8A7C5D5}.Debug|Any CPU.Build.0 = Debug|Any CPU
		{FED852BD-406E-42C4-9519-D247B8A7C5D5}.Release|Any CPU.ActiveCfg = Release|Any CPU
		{FED852BD-406E-42C4-9519-D247B8A7C5D5}.Release|Any CPU.Build.0 = Release|Any CPU
		{D40DA3F3-9D5C-4FFF-A906-66ADA1DB8C48}.Debug|Any CPU.ActiveCfg = Debug|Any CPU
		{D40DA3F3-9D5C-4FFF-A906-66ADA1DB8C48}.Debug|Any CPU.Build.0 = Debug|Any CPU
		{D40DA3F3-9D5C-4FFF-A906-66ADA1DB8C48}.Release|Any CPU.ActiveCfg = Release|Any CPU
		{D40DA3F3-9D5C-4FFF-A906-66ADA1DB8C48}.Release|Any CPU.Build.0 = Release|Any CPU
		{7492C18F-4850-41A4-B06B-1BB38C6E765B}.Debug|Any CPU.ActiveCfg = Debug|Any CPU
		{7492C18F-4850-41A4-B06B-1BB38C6E765B}.Debug|Any CPU.Build.0 = Debug|Any CPU
		{7492C18F-4850-41A4-B06B-1BB38C6E765B}.Release|Any CPU.ActiveCfg = Release|Any CPU
		{7492C18F-4850-41A4-B06B-1BB38C6E765B}.Release|Any CPU.Build.0 = Release|Any CPU
	EndGlobalSection
	GlobalSection(SolutionProperties) = preSolution
		HideSolutionNode = FALSE
	EndGlobalSection
	GlobalSection(ExtensibilityGlobals) = postSolution
		SolutionGuid = {03B4885D-3E21-4137-BB7E-2E34D94C8A8B}
	EndGlobalSection
EndGlobal
