
Microsoft Visual Studio Solution File, Format Version 12.00
# Visual Studio 15
VisualStudioVersion = 15.0.26730.12
MinimumVisualStudioVersion = 10.0.40219.1
Project("{FAE04EC0-301F-11D3-BF4B-00C04F79EFBC}") = "01. Phonebook", "01. Phonebook\01. Phonebook.csproj", "{8BB38F99-A0ED-4486-9A39-D1FAF9CC7A23}"
EndProject
Project("{FAE04EC0-301F-11D3-BF4B-00C04F79EFBC}") = "02. Phonebook Upgrade", "02. Phonebook Upgrade\02. Phonebook Upgrade.csproj", "{0CAD65D1-1BAD-4D43-AF02-B167439BF36A}"
EndProject
Project("{FAE04EC0-301F-11D3-BF4B-00C04F79EFBC}") = "03. A Miner Task", "03. A Miner Task\03. A Miner Task.csproj", "{1BCB10CA-9B75-4F91-BF81-A710206571D4}"
EndProject
Project("{FAE04EC0-301F-11D3-BF4B-00C04F79EFBC}") = "04. Fix Emails", "04. Fix Emails\04. Fix Emails.csproj", "{860EF714-98C1-4379-AC9B-AB5956D66B0C}"
EndProject
Project("{FAE04EC0-301F-11D3-BF4B-00C04F79EFBC}") = "05. Hands of Cards", "05. Hands of Cards\05. Hands of Cards.csproj", "{9B11B05D-7051-4D4E-AD57-F52EA65B77F4}"
EndProject
Project("{FAE04EC0-301F-11D3-BF4B-00C04F79EFBC}") = "06. User Logs", "06. User Logs\06. User Logs.csproj", "{52037D08-77B8-437D-B98D-44A3305D44E0}"
EndProject
Project("{FAE04EC0-301F-11D3-BF4B-00C04F79EFBC}") = "07. Population Counter", "07. Population Counter\07. Population Counter.csproj", "{BA51617F-C65B-4862-BDC1-FA4E57470ACC}"
EndProject
Project("{FAE04EC0-301F-11D3-BF4B-00C04F79EFBC}") = "10. Сръбско Unleashed", "10. Сръбско Unleashed\10. Сръбско Unleashed.csproj", "{831CBD82-1587-40C9-8E2F-BEC563B79CA2}"
EndProject
Global
	GlobalSection(SolutionConfigurationPlatforms) = preSolution
		Debug|Any CPU = Debug|Any CPU
		Release|Any CPU = Release|Any CPU
	EndGlobalSection
	GlobalSection(ProjectConfigurationPlatforms) = postSolution
		{8BB38F99-A0ED-4486-9A39-D1FAF9CC7A23}.Debug|Any CPU.ActiveCfg = Debug|Any CPU
		{8BB38F99-A0ED-4486-9A39-D1FAF9CC7A23}.Debug|Any CPU.Build.0 = Debug|Any CPU
		{8BB38F99-A0ED-4486-9A39-D1FAF9CC7A23}.Release|Any CPU.ActiveCfg = Release|Any CPU
		{8BB38F99-A0ED-4486-9A39-D1FAF9CC7A23}.Release|Any CPU.Build.0 = Release|Any CPU
		{0CAD65D1-1BAD-4D43-AF02-B167439BF36A}.Debug|Any CPU.ActiveCfg = Debug|Any CPU
		{0CAD65D1-1BAD-4D43-AF02-B167439BF36A}.Debug|Any CPU.Build.0 = Debug|Any CPU
		{0CAD65D1-1BAD-4D43-AF02-B167439BF36A}.Release|Any CPU.ActiveCfg = Release|Any CPU
		{0CAD65D1-1BAD-4D43-AF02-B167439BF36A}.Release|Any CPU.Build.0 = Release|Any CPU
		{1BCB10CA-9B75-4F91-BF81-A710206571D4}.Debug|Any CPU.ActiveCfg = Debug|Any CPU
		{1BCB10CA-9B75-4F91-BF81-A710206571D4}.Debug|Any CPU.Build.0 = Debug|Any CPU
		{1BCB10CA-9B75-4F91-BF81-A710206571D4}.Release|Any CPU.ActiveCfg = Release|Any CPU
		{1BCB10CA-9B75-4F91-BF81-A710206571D4}.Release|Any CPU.Build.0 = Release|Any CPU
		{860EF714-98C1-4379-AC9B-AB5956D66B0C}.Debug|Any CPU.ActiveCfg = Debug|Any CPU
		{860EF714-98C1-4379-AC9B-AB5956D66B0C}.Debug|Any CPU.Build.0 = Debug|Any CPU
		{860EF714-98C1-4379-AC9B-AB5956D66B0C}.Release|Any CPU.ActiveCfg = Release|Any CPU
		{860EF714-98C1-4379-AC9B-AB5956D66B0C}.Release|Any CPU.Build.0 = Release|Any CPU
		{9B11B05D-7051-4D4E-AD57-F52EA65B77F4}.Debug|Any CPU.ActiveCfg = Debug|Any CPU
		{9B11B05D-7051-4D4E-AD57-F52EA65B77F4}.Debug|Any CPU.Build.0 = Debug|Any CPU
		{9B11B05D-7051-4D4E-AD57-F52EA65B77F4}.Release|Any CPU.ActiveCfg = Release|Any CPU
		{9B11B05D-7051-4D4E-AD57-F52EA65B77F4}.Release|Any CPU.Build.0 = Release|Any CPU
		{52037D08-77B8-437D-B98D-44A3305D44E0}.Debug|Any CPU.ActiveCfg = Debug|Any CPU
		{52037D08-77B8-437D-B98D-44A3305D44E0}.Debug|Any CPU.Build.0 = Debug|Any CPU
		{52037D08-77B8-437D-B98D-44A3305D44E0}.Release|Any CPU.ActiveCfg = Release|Any CPU
		{52037D08-77B8-437D-B98D-44A3305D44E0}.Release|Any CPU.Build.0 = Release|Any CPU
		{BA51617F-C65B-4862-BDC1-FA4E57470ACC}.Debug|Any CPU.ActiveCfg = Debug|Any CPU
		{BA51617F-C65B-4862-BDC1-FA4E57470ACC}.Debug|Any CPU.Build.0 = Debug|Any CPU
		{BA51617F-C65B-4862-BDC1-FA4E57470ACC}.Release|Any CPU.ActiveCfg = Release|Any CPU
		{BA51617F-C65B-4862-BDC1-FA4E57470ACC}.Release|Any CPU.Build.0 = Release|Any CPU
		{831CBD82-1587-40C9-8E2F-BEC563B79CA2}.Debug|Any CPU.ActiveCfg = Debug|Any CPU
		{831CBD82-1587-40C9-8E2F-BEC563B79CA2}.Debug|Any CPU.Build.0 = Debug|Any CPU
		{831CBD82-1587-40C9-8E2F-BEC563B79CA2}.Release|Any CPU.ActiveCfg = Release|Any CPU
		{831CBD82-1587-40C9-8E2F-BEC563B79CA2}.Release|Any CPU.Build.0 = Release|Any CPU
	EndGlobalSection
	GlobalSection(SolutionProperties) = preSolution
		HideSolutionNode = FALSE
	EndGlobalSection
	GlobalSection(ExtensibilityGlobals) = postSolution
		SolutionGuid = {41614D4C-AC15-40E6-83D0-97138E0581BE}
	EndGlobalSection
EndGlobal
